
Microsoft Visual Studio Solution File, Format Version 12.00
# Visual Studio Version 17
VisualStudioVersion = 17.0.31919.166
MinimumVisualStudioVersion = 10.0.40219.1
Project("{F2A71F9B-5D33-465A-A702-920D77279786}") = "Advent2021", "Advent2021\Advent2021.fsproj", "{CDA1D7F4-7679-4BB6-BF08-059FDA6DBC5D}"
EndProject
Project("{F2A71F9B-5D33-465A-A702-920D77279786}") = "Advent2021.Test", "Advent2021.Test\Advent2021.Test.fsproj", "{14AE04AA-79EE-438F-B984-A971A0F8A857}"
EndProject
Global
	GlobalSection(SolutionConfigurationPlatforms) = preSolution
		Debug|Any CPU = Debug|Any CPU
		Release|Any CPU = Release|Any CPU
	EndGlobalSection
	GlobalSection(ProjectConfigurationPlatforms) = postSolution
		{CDA1D7F4-7679-4BB6-BF08-059FDA6DBC5D}.Debug|Any CPU.ActiveCfg = Debug|Any CPU
		{CDA1D7F4-7679-4BB6-BF08-059FDA6DBC5D}.Debug|Any CPU.Build.0 = Debug|Any CPU
		{CDA1D7F4-7679-4BB6-BF08-059FDA6DBC5D}.Release|Any CPU.ActiveCfg = Release|Any CPU
		{CDA1D7F4-7679-4BB6-BF08-059FDA6DBC5D}.Release|Any CPU.Build.0 = Release|Any CPU
		{14AE04AA-79EE-438F-B984-A971A0F8A857}.Debug|Any CPU.ActiveCfg = Debug|Any CPU
		{14AE04AA-79EE-438F-B984-A971A0F8A857}.Debug|Any CPU.Build.0 = Debug|Any CPU
		{14AE04AA-79EE-438F-B984-A971A0F8A857}.Release|Any CPU.ActiveCfg = Release|Any CPU
		{14AE04AA-79EE-438F-B984-A971A0F8A857}.Release|Any CPU.Build.0 = Release|Any CPU
	EndGlobalSection
	GlobalSection(SolutionProperties) = preSolution
		HideSolutionNode = FALSE
	EndGlobalSection
	GlobalSection(ExtensibilityGlobals) = postSolution
		SolutionGuid = {31AEBF14-A25C-4B94-97BB-361A14CA63D5}
	EndGlobalSection
EndGlobal
